
Microsoft Visual Studio Solution File, Format Version 12.00
# Visual Studio Version 17
VisualStudioVersion = 17.14.36310.24
MinimumVisualStudioVersion = 10.0.40219.1
Project("{8BC9CEB8-8B4A-11D0-8D11-00A0C91BC942}") = "25proarma1th", "25proarma1th\25proarma1th.vcxproj", "{5647A7B0-3863-41A3-A47D-4A7573852F80}"
EndProject
Project("{8BC9CEB8-8B4A-11D0-8D11-00A0C91BC942}") = "class 11th (single Lilnked List)", "class 11th (single Lilnked List)\class 11th (single Lilnked List).vcxproj", "{BD763DFC-433B-4C8F-BA3E-ADCE6E9A98FC}"
EndProject
Project("{8BC9CEB8-8B4A-11D0-8D11-00A0C91BC942}") = "class 2th(Double Linked List)", "class 2th(Double Linked List)\class 2th(Double Linked List).vcxproj", "{BD337212-3FB6-4272-80AE-A1E20AD14F2D}"
EndProject
Project("{8BC9CEB8-8B4A-11D0-8D11-00A0C91BC942}") = "class3th(circle Linked List)", "class3th(circle Linked List)\class3th(circle Linked List).vcxproj", "{AF220B5E-E3A0-4269-BDDE-9206EF6D9DC7}"
EndProject
Project("{8BC9CEB8-8B4A-11D0-8D11-00A0C91BC942}") = "class 4th (Vector)", "class 4th (Vector)\class 4th (Vector).vcxproj", "{08834198-D179-4DD1-882B-9B9282444101}"
EndProject
Project("{8BC9CEB8-8B4A-11D0-8D11-00A0C91BC942}") = "class 5th (Stack)", "class 5th (Stack)\class 5th (Stack).vcxproj", "{1BF761EF-8DB5-4DA1-B6A8-E71BD3B30F8D}"
EndProject
Global
	GlobalSection(SolutionConfigurationPlatforms) = preSolution
		Debug|x64 = Debug|x64
		Debug|x86 = Debug|x86
		Release|x64 = Release|x64
		Release|x86 = Release|x86
	EndGlobalSection
	GlobalSection(ProjectConfigurationPlatforms) = postSolution
		{5647A7B0-3863-41A3-A47D-4A7573852F80}.Debug|x64.ActiveCfg = Debug|x64
		{5647A7B0-3863-41A3-A47D-4A7573852F80}.Debug|x64.Build.0 = Debug|x64
		{5647A7B0-3863-41A3-A47D-4A7573852F80}.Debug|x86.ActiveCfg = Debug|Win32
		{5647A7B0-3863-41A3-A47D-4A7573852F80}.Debug|x86.Build.0 = Debug|Win32
		{5647A7B0-3863-41A3-A47D-4A7573852F80}.Release|x64.ActiveCfg = Release|x64
		{5647A7B0-3863-41A3-A47D-4A7573852F80}.Release|x64.Build.0 = Release|x64
		{5647A7B0-3863-41A3-A47D-4A7573852F80}.Release|x86.ActiveCfg = Release|Win32
		{5647A7B0-3863-41A3-A47D-4A7573852F80}.Release|x86.Build.0 = Release|Win32
		{BD763DFC-433B-4C8F-BA3E-ADCE6E9A98FC}.Debug|x64.ActiveCfg = Debug|x64
		{BD763DFC-433B-4C8F-BA3E-ADCE6E9A98FC}.Debug|x64.Build.0 = Debug|x64
		{BD763DFC-433B-4C8F-BA3E-ADCE6E9A98FC}.Debug|x86.ActiveCfg = Debug|Win32
		{BD763DFC-433B-4C8F-BA3E-ADCE6E9A98FC}.Debug|x86.Build.0 = Debug|Win32
		{BD763DFC-433B-4C8F-BA3E-ADCE6E9A98FC}.Release|x64.ActiveCfg = Release|x64
		{BD763DFC-433B-4C8F-BA3E-ADCE6E9A98FC}.Release|x64.Build.0 = Release|x64
		{BD763DFC-433B-4C8F-BA3E-ADCE6E9A98FC}.Release|x86.ActiveCfg = Release|Win32
		{BD763DFC-433B-4C8F-BA3E-ADCE6E9A98FC}.Release|x86.Build.0 = Release|Win32
		{BD337212-3FB6-4272-80AE-A1E20AD14F2D}.Debug|x64.ActiveCfg = Debug|x64
		{BD337212-3FB6-4272-80AE-A1E20AD14F2D}.Debug|x64.Build.0 = Debug|x64
		{BD337212-3FB6-4272-80AE-A1E20AD14F2D}.Debug|x86.ActiveCfg = Debug|Win32
		{BD337212-3FB6-4272-80AE-A1E20AD14F2D}.Debug|x86.Build.0 = Debug|Win32
		{BD337212-3FB6-4272-80AE-A1E20AD14F2D}.Release|x64.ActiveCfg = Release|x64
		{BD337212-3FB6-4272-80AE-A1E20AD14F2D}.Release|x64.Build.0 = Release|x64
		{BD337212-3FB6-4272-80AE-A1E20AD14F2D}.Release|x86.ActiveCfg = Release|Win32
		{BD337212-3FB6-4272-80AE-A1E20AD14F2D}.Release|x86.Build.0 = Release|Win32
		{AF220B5E-E3A0-4269-BDDE-9206EF6D9DC7}.Debug|x64.ActiveCfg = Debug|x64
		{AF220B5E-E3A0-4269-BDDE-9206EF6D9DC7}.Debug|x64.Build.0 = Debug|x64
		{AF220B5E-E3A0-4269-BDDE-9206EF6D9DC7}.Debug|x86.ActiveCfg = Debug|Win32
		{AF220B5E-E3A0-4269-BDDE-9206EF6D9DC7}.Debug|x86.Build.0 = Debug|Win32
		{AF220B5E-E3A0-4269-BDDE-9206EF6D9DC7}.Release|x64.ActiveCfg = Release|x64
		{AF220B5E-E3A0-4269-BDDE-9206EF6D9DC7}.Release|x64.Build.0 = Release|x64
		{AF220B5E-E3A0-4269-BDDE-9206EF6D9DC7}.Release|x86.ActiveCfg = Release|Win32
		{AF220B5E-E3A0-4269-BDDE-9206EF6D9DC7}.Release|x86.Build.0 = Release|Win32
		{08834198-D179-4DD1-882B-9B9282444101}.Debug|x64.ActiveCfg = Debug|x64
		{08834198-D179-4DD1-882B-9B9282444101}.Debug|x64.Build.0 = Debug|x64
		{08834198-D179-4DD1-882B-9B9282444101}.Debug|x86.ActiveCfg = Debug|Win32
		{08834198-D179-4DD1-882B-9B9282444101}.Debug|x86.Build.0 = Debug|Win32
		{08834198-D179-4DD1-882B-9B9282444101}.Release|x64.ActiveCfg = Release|x64
		{08834198-D179-4DD1-882B-9B9282444101}.Release|x64.Build.0 = Release|x64
		{08834198-D179-4DD1-882B-9B9282444101}.Release|x86.ActiveCfg = Release|Win32
		{08834198-D179-4DD1-882B-9B9282444101}.Release|x86.Build.0 = Release|Win32
		{1BF761EF-8DB5-4DA1-B6A8-E71BD3B30F8D}.Debug|x64.ActiveCfg = Debug|x64
		{1BF761EF-8DB5-4DA1-B6A8-E71BD3B30F8D}.Debug|x64.Build.0 = Debug|x64
		{1BF761EF-8DB5-4DA1-B6A8-E71BD3B30F8D}.Debug|x86.ActiveCfg = Debug|Win32
		{1BF761EF-8DB5-4DA1-B6A8-E71BD3B30F8D}.Debug|x86.Build.0 = Debug|Win32
		{1BF761EF-8DB5-4DA1-B6A8-E71BD3B30F8D}.Release|x64.ActiveCfg = Release|x64
		{1BF761EF-8DB5-4DA1-B6A8-E71BD3B30F8D}.Release|x64.Build.0 = Release|x64
		{1BF761EF-8DB5-4DA1-B6A8-E71BD3B30F8D}.Release|x86.ActiveCfg = Release|Win32
		{1BF761EF-8DB5-4DA1-B6A8-E71BD3B30F8D}.Release|x86.Build.0 = Release|Win32
	EndGlobalSection
	GlobalSection(SolutionProperties) = preSolution
		HideSolutionNode = FALSE
	EndGlobalSection
	GlobalSection(ExtensibilityGlobals) = postSolution
		SolutionGuid = {601D3DE3-8B82-4225-A1BF-549D9ED55D7B}
	EndGlobalSection
EndGlobal
