
Microsoft Visual Studio Solution File, Format Version 12.00
# Visual Studio Version 17
VisualStudioVersion = 17.14.36310.24
MinimumVisualStudioVersion = 10.0.40219.1
Project("{8BC9CEB8-8B4A-11D0-8D11-00A0C91BC942}") = "25proarma1th", "25proarma1th\25proarma1th.vcxproj", "{5647A7B0-3863-41A3-A47D-4A7573852F80}"
EndProject
Project("{8BC9CEB8-8B4A-11D0-8D11-00A0C91BC942}") = "class 11th (single Lilnked List)", "class 11th (single Lilnked List)\class 11th (single Lilnked List).vcxproj", "{BD763DFC-433B-4C8F-BA3E-ADCE6E9A98FC}"
EndProject
Global
	GlobalSection(SolutionConfigurationPlatforms) = preSolution
		Debug|x64 = Debug|x64
		Debug|x86 = Debug|x86
		Release|x64 = Release|x64
		Release|x86 = Release|x86
	EndGlobalSection
	GlobalSection(ProjectConfigurationPlatforms) = postSolution
		{5647A7B0-3863-41A3-A47D-4A7573852F80}.Debug|x64.ActiveCfg = Debug|x64
		{5647A7B0-3863-41A3-A47D-4A7573852F80}.Debug|x64.Build.0 = Debug|x64
		{5647A7B0-3863-41A3-A47D-4A7573852F80}.Debug|x86.ActiveCfg = Debug|Win32
		{5647A7B0-3863-41A3-A47D-4A7573852F80}.Debug|x86.Build.0 = Debug|Win32
		{5647A7B0-3863-41A3-A47D-4A7573852F80}.Release|x64.ActiveCfg = Release|x64
		{5647A7B0-3863-41A3-A47D-4A7573852F80}.Release|x64.Build.0 = Release|x64
		{5647A7B0-3863-41A3-A47D-4A7573852F80}.Release|x86.ActiveCfg = Release|Win32
		{5647A7B0-3863-41A3-A47D-4A7573852F80}.Release|x86.Build.0 = Release|Win32
		{BD763DFC-433B-4C8F-BA3E-ADCE6E9A98FC}.Debug|x64.ActiveCfg = Debug|x64
		{BD763DFC-433B-4C8F-BA3E-ADCE6E9A98FC}.Debug|x64.Build.0 = Debug|x64
		{BD763DFC-433B-4C8F-BA3E-ADCE6E9A98FC}.Debug|x86.ActiveCfg = Debug|Win32
		{BD763DFC-433B-4C8F-BA3E-ADCE6E9A98FC}.Debug|x86.Build.0 = Debug|Win32
		{BD763DFC-433B-4C8F-BA3E-ADCE6E9A98FC}.Release|x64.ActiveCfg = Release|x64
		{BD763DFC-433B-4C8F-BA3E-ADCE6E9A98FC}.Release|x64.Build.0 = Release|x64
		{BD763DFC-433B-4C8F-BA3E-ADCE6E9A98FC}.Release|x86.ActiveCfg = Release|Win32
		{BD763DFC-433B-4C8F-BA3E-ADCE6E9A98FC}.Release|x86.Build.0 = Release|Win32
	EndGlobalSection
	GlobalSection(SolutionProperties) = preSolution
		HideSolutionNode = FALSE
	EndGlobalSection
	GlobalSection(ExtensibilityGlobals) = postSolution
		SolutionGuid = {601D3DE3-8B82-4225-A1BF-549D9ED55D7B}
	EndGlobalSection
EndGlobal
